
Microsoft Visual Studio Solution File, Format Version 12.00
# Visual Studio 15
VisualStudioVersion = 15.0.27428.2002
MinimumVisualStudioVersion = 10.0.40219.1
Project("{FAE04EC0-301F-11D3-BF4B-00C04F79EFBC}") = "KeePass-IOTA-AddressCreate", "KeePass-IOTA-AddressCreate\KeePass-IOTA-AddressCreate.csproj", "{15DA16F7-AC61-4425-A0C4-F80042BE2D45}"
EndProject
Global
	GlobalSection(SolutionConfigurationPlatforms) = preSolution
		Debug|Any CPU = Debug|Any CPU
		Release|Any CPU = Release|Any CPU
	EndGlobalSection
	GlobalSection(ProjectConfigurationPlatforms) = postSolution
		{15DA16F7-AC61-4425-A0C4-F80042BE2D45}.Debug|Any CPU.ActiveCfg = Debug|Any CPU
		{15DA16F7-AC61-4425-A0C4-F80042BE2D45}.Debug|Any CPU.Build.0 = Debug|Any CPU
		{15DA16F7-AC61-4425-A0C4-F80042BE2D45}.Release|Any CPU.ActiveCfg = Release|Any CPU
		{15DA16F7-AC61-4425-A0C4-F80042BE2D45}.Release|Any CPU.Build.0 = Release|Any CPU
	EndGlobalSection
	GlobalSection(SolutionProperties) = preSolution
		HideSolutionNode = FALSE
	EndGlobalSection
	GlobalSection(ExtensibilityGlobals) = postSolution
		SolutionGuid = {16BC660D-2CD2-4FBF-A1E9-5CC584FA1686}
	EndGlobalSection
EndGlobal
